
Microsoft Visual Studio Solution File, Format Version 12.00
# Visual Studio Version 16
VisualStudioVersion = 16.0.29102.190
MinimumVisualStudioVersion = 10.0.40219.1
Project("{FAE04EC0-301F-11D3-BF4B-00C04F79EFBC}") = "ExoFile", "ExoFile\ExoFile.csproj", "{5AB70BD3-D634-48B3-B1E0-CDA484286476}"
EndProject
Global
	GlobalSection(SolutionConfigurationPlatforms) = preSolution
		Debug|Any CPU = Debug|Any CPU
		Release|Any CPU = Release|Any CPU
	EndGlobalSection
	GlobalSection(ProjectConfigurationPlatforms) = postSolution
		{5AB70BD3-D634-48B3-B1E0-CDA484286476}.Debug|Any CPU.ActiveCfg = Debug|Any CPU
		{5AB70BD3-D634-48B3-B1E0-CDA484286476}.Debug|Any CPU.Build.0 = Debug|Any CPU
		{5AB70BD3-D634-48B3-B1E0-CDA484286476}.Release|Any CPU.ActiveCfg = Release|Any CPU
		{5AB70BD3-D634-48B3-B1E0-CDA484286476}.Release|Any CPU.Build.0 = Release|Any CPU
	EndGlobalSection
	GlobalSection(SolutionProperties) = preSolution
		HideSolutionNode = FALSE
	EndGlobalSection
	GlobalSection(ExtensibilityGlobals) = postSolution
		SolutionGuid = {EAE741DC-0093-4C38-9CEA-E19F0CC75E4F}
	EndGlobalSection
EndGlobal
